
Microsoft Visual Studio Solution File, Format Version 12.00
# Visual Studio 2013
VisualStudioVersion = 12.0.40629.0
MinimumVisualStudioVersion = 10.0.40219.1
Project("{FAE04EC0-301F-11D3-BF4B-00C04F79EFBC}") = "MaximiseWFScaffolding", "MaximiseWFScaffolding\MaximiseWFScaffolding.csproj", "{AABF312C-B24B-49CF-ACA9-4F5FCD16ED82}"
EndProject
Project("{FAE04EC0-301F-11D3-BF4B-00C04F79EFBC}") = "MaximiseWFScaffolding.vsix", "MaximiseWFScaffolding.vsix\MaximiseWFScaffolding.vsix.csproj", "{2E36C552-5DD3-4556-B882-956A3663ED2E}"
EndProject
Project("{2150E333-8FDC-42A3-9474-1A3956D46DE8}") = "ReadMe", "ReadMe", "{8A2A0736-503A-4F47-8499-0E85C26065F7}"
	ProjectSection(SolutionItems) = preProject
		READMEImages\AddNewScaffoldedItem.png = READMEImages\AddNewScaffoldedItem.png
		READMEImages\AddWebFormsPages1.png = READMEImages\AddWebFormsPages1.png
		READMEImages\AddWebFormsPages2.png = READMEImages\AddWebFormsPages2.png
		READMEImages\ClientValidation1.png = READMEImages\ClientValidation1.png
		READMEImages\EditForm.png = READMEImages\EditForm.png
		READMEImages\FormList.png = READMEImages\FormList.png
		READMEImages\InsertForm.png = READMEImages\InsertForm.png
		READMEImages\Install.png = READMEImages\Install.png
		READMEImages\MainExample2.png = READMEImages\MainExample2.png
		READMEImages\MainList2.png = READMEImages\MainList2.png
		README.md = README.md
		ReadMe.txt = ReadMe.txt
		ReleaseNotes.txt = ReleaseNotes.txt
	EndProjectSection
EndProject
Project("{FAE04EC0-301F-11D3-BF4B-00C04F79EFBC}") = "ScaffoldFilter", "ScaffoldFilter\ScaffoldFilter.csproj", "{D9438E02-267B-42CE-963C-04FBE8558091}"
EndProject
Project("{FAE04EC0-301F-11D3-BF4B-00C04F79EFBC}") = "RandomSchool", "RandomSchool\RandomSchool\RandomSchool.csproj", "{3F8BE73C-E617-45BE-9FDC-A2922AA930AB}"
EndProject
Project("{FAE04EC0-301F-11D3-BF4B-00C04F79EFBC}") = "RandomSchoolAsync", "RandomSchoolAsync\RandomSchoolAsync\RandomSchoolAsync.csproj", "{6FBC616D-CA32-48FF-A17E-2B952AE9B577}"
EndProject
Global
	GlobalSection(SolutionConfigurationPlatforms) = preSolution
		Debug|Any CPU = Debug|Any CPU
		Release|Any CPU = Release|Any CPU
	EndGlobalSection
	GlobalSection(ProjectConfigurationPlatforms) = postSolution
		{AABF312C-B24B-49CF-ACA9-4F5FCD16ED82}.Debug|Any CPU.ActiveCfg = Debug|Any CPU
		{AABF312C-B24B-49CF-ACA9-4F5FCD16ED82}.Debug|Any CPU.Build.0 = Debug|Any CPU
		{AABF312C-B24B-49CF-ACA9-4F5FCD16ED82}.Release|Any CPU.ActiveCfg = Release|Any CPU
		{AABF312C-B24B-49CF-ACA9-4F5FCD16ED82}.Release|Any CPU.Build.0 = Release|Any CPU
		{2E36C552-5DD3-4556-B882-956A3663ED2E}.Debug|Any CPU.ActiveCfg = Debug|Any CPU
		{2E36C552-5DD3-4556-B882-956A3663ED2E}.Debug|Any CPU.Build.0 = Debug|Any CPU
		{2E36C552-5DD3-4556-B882-956A3663ED2E}.Release|Any CPU.ActiveCfg = Release|Any CPU
		{2E36C552-5DD3-4556-B882-956A3663ED2E}.Release|Any CPU.Build.0 = Release|Any CPU
		{D9438E02-267B-42CE-963C-04FBE8558091}.Debug|Any CPU.ActiveCfg = Debug|Any CPU
		{D9438E02-267B-42CE-963C-04FBE8558091}.Debug|Any CPU.Build.0 = Debug|Any CPU
		{D9438E02-267B-42CE-963C-04FBE8558091}.Release|Any CPU.ActiveCfg = Release|Any CPU
		{D9438E02-267B-42CE-963C-04FBE8558091}.Release|Any CPU.Build.0 = Release|Any CPU
		{3F8BE73C-E617-45BE-9FDC-A2922AA930AB}.Debug|Any CPU.ActiveCfg = Debug|Any CPU
		{3F8BE73C-E617-45BE-9FDC-A2922AA930AB}.Debug|Any CPU.Build.0 = Debug|Any CPU
		{3F8BE73C-E617-45BE-9FDC-A2922AA930AB}.Release|Any CPU.ActiveCfg = Release|Any CPU
		{3F8BE73C-E617-45BE-9FDC-A2922AA930AB}.Release|Any CPU.Build.0 = Release|Any CPU
		{6FBC616D-CA32-48FF-A17E-2B952AE9B577}.Debug|Any CPU.ActiveCfg = Debug|Any CPU
		{6FBC616D-CA32-48FF-A17E-2B952AE9B577}.Debug|Any CPU.Build.0 = Debug|Any CPU
		{6FBC616D-CA32-48FF-A17E-2B952AE9B577}.Release|Any CPU.ActiveCfg = Release|Any CPU
		{6FBC616D-CA32-48FF-A17E-2B952AE9B577}.Release|Any CPU.Build.0 = Release|Any CPU
	EndGlobalSection
	GlobalSection(SolutionProperties) = preSolution
		HideSolutionNode = FALSE
	EndGlobalSection
EndGlobal
