
Microsoft Visual Studio Solution File, Format Version 12.00
# Visual Studio 2013
VisualStudioVersion = 12.0.31101.0
MinimumVisualStudioVersion = 10.0.40219.1
Project("{FAE04EC0-301F-11D3-BF4B-00C04F79EFBC}") = "ScaffoldFilter", "ScaffoldFilter.csproj", "{D9438E02-267B-42CE-963C-04FBE8558091}"
EndProject
Global
	GlobalSection(SolutionConfigurationPlatforms) = preSolution
		Debug|Any CPU = Debug|Any CPU
		Release|Any CPU = Release|Any CPU
	EndGlobalSection
	GlobalSection(ProjectConfigurationPlatforms) = postSolution
		{D9438E02-267B-42CE-963C-04FBE8558091}.Debug|Any CPU.ActiveCfg = Debug|Any CPU
		{D9438E02-267B-42CE-963C-04FBE8558091}.Debug|Any CPU.Build.0 = Debug|Any CPU
		{D9438E02-267B-42CE-963C-04FBE8558091}.Release|Any CPU.ActiveCfg = Release|Any CPU
		{D9438E02-267B-42CE-963C-04FBE8558091}.Release|Any CPU.Build.0 = Release|Any CPU
	EndGlobalSection
	GlobalSection(SolutionProperties) = preSolution
		HideSolutionNode = FALSE
	EndGlobalSection
EndGlobal
